
Microsoft Visual Studio Solution File, Format Version 12.00
# Visual Studio Version 17
VisualStudioVersion = 17.8.34511.84
MinimumVisualStudioVersion = 10.0.40219.1
Project("{FAE04EC0-301F-11D3-BF4B-00C04F79EFBC}") = "IdentityTest", "IdentityTest.csproj", "{496C0F55-45D8-4F39-BDDA-160418437F96}"
EndProject
Global
	GlobalSection(SolutionConfigurationPlatforms) = preSolution
		Debug|Any CPU = Debug|Any CPU
		Release|Any CPU = Release|Any CPU
	EndGlobalSection
	GlobalSection(ProjectConfigurationPlatforms) = postSolution
		{496C0F55-45D8-4F39-BDDA-160418437F96}.Debug|Any CPU.ActiveCfg = Debug|Any CPU
		{496C0F55-45D8-4F39-BDDA-160418437F96}.Debug|Any CPU.Build.0 = Debug|Any CPU
		{496C0F55-45D8-4F39-BDDA-160418437F96}.Release|Any CPU.ActiveCfg = Release|Any CPU
		{496C0F55-45D8-4F39-BDDA-160418437F96}.Release|Any CPU.Build.0 = Release|Any CPU
	EndGlobalSection
	GlobalSection(SolutionProperties) = preSolution
		HideSolutionNode = FALSE
	EndGlobalSection
	GlobalSection(ExtensibilityGlobals) = postSolution
		SolutionGuid = {86DF1C52-A63C-4AAA-AD35-030933490861}
	EndGlobalSection
EndGlobal
